{
  "nodes": {
    "flake-utils": {
      "locked": {
        "lastModified": 1619345332,
        "narHash": "sha256-qHnQkEp1uklKTpx3MvKtY6xzgcqXDsz5nLilbbuL+3A=",
        "owner": "numtide",
        "repo": "flake-utils",
        "rev": "2ebf2558e5bf978c7fb8ea927dfaed8fefab2e28",
        "type": "github"
      },
      "original": {
        "owner": "numtide",
        "repo": "flake-utils",
        "type": "github"
      }
    },
    "nixpkgs": {
      "locked": {
        "lastModified": 1622545032,
        "narHash": "sha256-1Y+2LFqnMBEH9OZzMBdLWl6GWFt/xzNz0V5X+m05Ing=",
        "owner": "nixos",
        "repo": "nixpkgs",
        "rev": "1c2986bbb806c57f9470bf3231d8da7250ab9091",
        "type": "github"
      },
      "original": {
        "owner": "nixos",
        "repo": "nixpkgs",
        "type": "github"
      }
    },
    "nixpkgs-compat": {
      "flake": false,
      "locked": {
        "lastModified": 1600952148,
        "narHash": "sha256-GUKHrnng33luc6mUT3rDnZ3Hm+4MMEJpEchRIAQx7JQ=",
        "owner": "nixos",
        "repo": "nixpkgs",
        "rev": "75f4ba05c63be3f147bcc2f7bd4ba1f029cedcb1",
        "type": "github"
      },
      "original": {
        "owner": "nixos",
        "ref": "nixos-19.09",
        "repo": "nixpkgs",
        "type": "github"
      }
    },
    "root": {
      "inputs": {
        "flake-utils": "flake-utils",
        "nixpkgs": "nixpkgs",
        "nixpkgs-compat": "nixpkgs-compat"
      }
    }
  },
  "root": "root",
  "version": 7
}
